// !$*UTF8*$!
{
	archiveVersion = 1;
	classes = {
	};
	objectVersion = 50;
	objects = {

/* Begin PBXBuildFile section */
		6F5F6AF52185D47900AA7F56 /* AppDelegate.swift in Sources */ = {isa = PBXBuildFile; fileRef = 6F5F6AF42185D47900AA7F56 /* AppDelegate.swift */; };
		6F5F6AFC2185D47D00AA7F56 /* Assets.xcassets in Resources */ = {isa = PBXBuildFile; fileRef = 6F5F6AFB2185D47D00AA7F56 /* Assets.xcassets */; };
		6F5F6B0A2185D47D00AA7F56 /* Blink2Tests.swift in Sources */ = {isa = PBXBuildFile; fileRef = 6F5F6B092185D47D00AA7F56 /* Blink2Tests.swift */; };
		6F5F6B152185D47D00AA7F56 /* Blink2UITests.swift in Sources */ = {isa = PBXBuildFile; fileRef = 6F5F6B142185D47D00AA7F56 /* Blink2UITests.swift */; };
		6F5F6B232185D4A500AA7F56 /* MainController.swift in Sources */ = {isa = PBXBuildFile; fileRef = 6F5F6B222185D4A500AA7F56 /* MainController.swift */; };
/* End PBXBuildFile section */

/* Begin PBXContainerItemProxy section */
		6F5F6B062185D47D00AA7F56 /* PBXContainerItemProxy */ = {
			isa = PBXContainerItemProxy;
			containerPortal = 6F5F6AE92185D47900AA7F56 /* Project object */;
			proxyType = 1;
			remoteGlobalIDString = 6F5F6AF02185D47900AA7F56;
			remoteInfo = Blink2;
		};
		6F5F6B112185D47D00AA7F56 /* PBXContainerItemProxy */ = {
			isa = PBXContainerItemProxy;
			containerPortal = 6F5F6AE92185D47900AA7F56 /* Project object */;
			proxyType = 1;
			remoteGlobalIDString = 6F5F6AF02185D47900AA7F56;
			remoteInfo = Blink2;
		};
/* End PBXContainerItemProxy section */

/* Begin PBXFileReference section */
		6F5F6AF12185D47900AA7F56 /* Blink2.app */ = {isa = PBXFileReference; explicitFileType = wrapper.application; includeInIndex = 0; path = Blink2.app; sourceTree = BUILT_PRODUCTS_DIR; };
		6F5F6AF42185D47900AA7F56 /* AppDelegate.swift */ = {isa = PBXFileReference; lastKnownFileType = sourcecode.swift; path = AppDelegate.swift; sourceTree = "<group>"; };
		6F5F6AFB2185D47D00AA7F56 /* Assets.xcassets */ = {isa = PBXFileReference; lastKnownFileType = folder.assetcatalog; path = Assets.xcassets; sourceTree = "<group>"; };
		6F5F6B002185D47D00AA7F56 /* Info.plist */ = {isa = PBXFileReference; lastKnownFileType = text.plist.xml; path = Info.plist; sourceTree = "<group>"; };
		6F5F6B052185D47D00AA7F56 /* Blink2Tests.xctest */ = {isa = PBXFileReference; explicitFileType = wrapper.cfbundle; includeInIndex = 0; path = Blink2Tests.xctest; sourceTree = BUILT_PRODUCTS_DIR; };
		6F5F6B092185D47D00AA7F56 /* Blink2Tests.swift */ = {isa = PBXFileReference; lastKnownFileType = sourcecode.swift; path = Blink2Tests.swift; sourceTree = "<group>"; };
		6F5F6B0B2185D47D00AA7F56 /* Info.plist */ = {isa = PBXFileReference; lastKnownFileType = text.plist.xml; path = Info.plist; sourceTree = "<group>"; };
		6F5F6B102185D47D00AA7F56 /* Blink2UITests.xctest */ = {isa = PBXFileReference; explicitFileType = wrapper.cfbundle; includeInIndex = 0; path = Blink2UITests.xctest; sourceTree = BUILT_PRODUCTS_DIR; };
		6F5F6B142185D47D00AA7F56 /* Blink2UITests.swift */ = {isa = PBXFileReference; lastKnownFileType = sourcecode.swift; path = Blink2UITests.swift; sourceTree = "<group>"; };
		6F5F6B162185D47D00AA7F56 /* Info.plist */ = {isa = PBXFileReference; lastKnownFileType = text.plist.xml; path = Info.plist; sourceTree = "<group>"; };
		6F5F6B222185D4A500AA7F56 /* MainController.swift */ = {isa = PBXFileReference; lastKnownFileType = sourcecode.swift; path = MainController.swift; sourceTree = "<group>"; };
/* End PBXFileReference section */

/* Begin PBXFrameworksBuildPhase section */
		6F5F6AEE2185D47900AA7F56 /* Frameworks */ = {
			isa = PBXFrameworksBuildPhase;
			buildActionMask = 2147483647;
			files = (
			);
			runOnlyForDeploymentPostprocessing = 0;
		};
		6F5F6B022185D47D00AA7F56 /* Frameworks */ = {
			isa = PBXFrameworksBuildPhase;
			buildActionMask = 2147483647;
			files = (
			);
			runOnlyForDeploymentPostprocessing = 0;
		};
		6F5F6B0D2185D47D00AA7F56 /* Frameworks */ = {
			isa = PBXFrameworksBuildPhase;
			buildActionMask = 2147483647;
			files = (
			);
			runOnlyForDeploymentPostprocessing = 0;
		};
/* End PBXFrameworksBuildPhase section */

/* Begin PBXGroup section */
		6F5F6AE82185D47900AA7F56 = {
			isa = PBXGroup;
			children = (
				6F5F6AF32185D47900AA7F56 /* Blink2 */,
				6F5F6B082185D47D00AA7F56 /* Blink2Tests */,
				6F5F6B132185D47D00AA7F56 /* Blink2UITests */,
				6F5F6AF22185D47900AA7F56 /* Products */,
			);
			sourceTree = "<group>";
		};
		6F5F6AF22185D47900AA7F56 /* Products */ = {
			isa = PBXGroup;
			children = (
				6F5F6AF12185D47900AA7F56 /* Blink2.app */,
				6F5F6B052185D47D00AA7F56 /* Blink2Tests.xctest */,
				6F5F6B102185D47D00AA7F56 /* Blink2UITests.xctest */,
			);
			name = Products;
			sourceTree = "<group>";
		};
		6F5F6AF32185D47900AA7F56 /* Blink2 */ = {
			isa = PBXGroup;
			children = (
				6F5F6B222185D4A500AA7F56 /* MainController.swift */,
				6F5F6AF42185D47900AA7F56 /* AppDelegate.swift */,
				6F5F6AFB2185D47D00AA7F56 /* Assets.xcassets */,
				6F5F6B002185D47D00AA7F56 /* Info.plist */,
			);
			path = Blink2;
			sourceTree = "<group>";
		};
		6F5F6B082185D47D00AA7F56 /* Blink2Tests */ = {
			isa = PBXGroup;
			children = (
				6F5F6B092185D47D00AA7F56 /* Blink2Tests.swift */,
				6F5F6B0B2185D47D00AA7F56 /* Info.plist */,
			);
			path = Blink2Tests;
			sourceTree = "<group>";
		};
		6F5F6B132185D47D00AA7F56 /* Blink2UITests */ = {
			isa = PBXGroup;
			children = (
				6F5F6B142185D47D00AA7F56 /* Blink2UITests.swift */,
				6F5F6B162185D47D00AA7F56 /* Info.plist */,
			);
			path = Blink2UITests;
			sourceTree = "<group>";
		};
/* End PBXGroup section */

/* Begin PBXNativeTarget section */
		6F5F6AF02185D47900AA7F56 /* Blink2 */ = {
			isa = PBXNativeTarget;
			buildConfigurationList = 6F5F6B192185D47D00AA7F56 /* Build configuration list for PBXNativeTarget "Blink2" */;
			buildPhases = (
				6F5F6AED2185D47900AA7F56 /* Sources */,
				6F5F6AEE2185D47900AA7F56 /* Frameworks */,
				6F5F6AEF2185D47900AA7F56 /* Resources */,
			);
			buildRules = (
			);
			dependencies = (
			);
			name = Blink2;
			productName = Blink2;
			productReference = 6F5F6AF12185D47900AA7F56 /* Blink2.app */;
			productType = "com.apple.product-type.application";
		};
		6F5F6B042185D47D00AA7F56 /* Blink2Tests */ = {
			isa = PBXNativeTarget;
			buildConfigurationList = 6F5F6B1C2185D47D00AA7F56 /* Build configuration list for PBXNativeTarget "Blink2Tests" */;
			buildPhases = (
				6F5F6B012185D47D00AA7F56 /* Sources */,
				6F5F6B022185D47D00AA7F56 /* Frameworks */,
				6F5F6B032185D47D00AA7F56 /* Resources */,
			);
			buildRules = (
			);
			dependencies = (
				6F5F6B072185D47D00AA7F56 /* PBXTargetDependency */,
			);
			name = Blink2Tests;
			productName = Blink2Tests;
			productReference = 6F5F6B052185D47D00AA7F56 /* Blink2Tests.xctest */;
			productType = "com.apple.product-type.bundle.unit-test";
		};
		6F5F6B0F2185D47D00AA7F56 /* Blink2UITests */ = {
			isa = PBXNativeTarget;
			buildConfigurationList = 6F5F6B1F2185D47D00AA7F56 /* Build configuration list for PBXNativeTarget "Blink2UITests" */;
			buildPhases = (
				6F5F6B0C2185D47D00AA7F56 /* Sources */,
				6F5F6B0D2185D47D00AA7F56 /* Frameworks */,
				6F5F6B0E2185D47D00AA7F56 /* Resources */,
			);
			buildRules = (
			);
			dependencies = (
				6F5F6B122185D47D00AA7F56 /* PBXTargetDependency */,
			);
			name = Blink2UITests;
			productName = Blink2UITests;
			productReference = 6F5F6B102185D47D00AA7F56 /* Blink2UITests.xctest */;
			productType = "com.apple.product-type.bundle.ui-testing";
		};
/* End PBXNativeTarget section */

/* Begin PBXProject section */
		6F5F6AE92185D47900AA7F56 /* Project object */ = {
			isa = PBXProject;
			attributes = {
				LastSwiftUpdateCheck = 1000;
				LastUpgradeCheck = 1000;
				ORGANIZATIONNAME = "Vedant Jain";
				TargetAttributes = {
					6F5F6AF02185D47900AA7F56 = {
						CreatedOnToolsVersion = 10.0;
						SystemCapabilities = {
							com.apple.BackgroundModes = {
								enabled = 1;
							};
						};
					};
					6F5F6B042185D47D00AA7F56 = {
						CreatedOnToolsVersion = 10.0;
						TestTargetID = 6F5F6AF02185D47900AA7F56;
					};
					6F5F6B0F2185D47D00AA7F56 = {
						CreatedOnToolsVersion = 10.0;
						TestTargetID = 6F5F6AF02185D47900AA7F56;
					};
				};
			};
			buildConfigurationList = 6F5F6AEC2185D47900AA7F56 /* Build configuration list for PBXProject "Blink2" */;
			compatibilityVersion = "Xcode 9.3";
			developmentRegion = en;
			hasScannedForEncodings = 0;
			knownRegions = (
				en,
				Base,
			);
			mainGroup = 6F5F6AE82185D47900AA7F56;
			productRefGroup = 6F5F6AF22185D47900AA7F56 /* Products */;
			projectDirPath = "";
			projectRoot = "";
			targets = (
				6F5F6AF02185D47900AA7F56 /* Blink2 */,
				6F5F6B042185D47D00AA7F56 /* Blink2Tests */,
				6F5F6B0F2185D47D00AA7F56 /* Blink2UITests */,
			);
		};
/* End PBXProject section */

/* Begin PBXResourcesBuildPhase section */
		6F5F6AEF2185D47900AA7F56 /* Resources */ = {
			isa = PBXResourcesBuildPhase;
			buildActionMask = 2147483647;
			files = (
				6F5F6AFC2185D47D00AA7F56 /* Assets.xcassets in Resources */,
			);
			runOnlyForDeploymentPostprocessing = 0;
		};
		6F5F6B032185D47D00AA7F56 /* Resources */ = {
			isa = PBXResourcesBuildPhase;
			buildActionMask = 2147483647;
			files = (
			);
			runOnlyForDeploymentPostprocessing = 0;
		};
		6F5F6B0E2185D47D00AA7F56 /* Resources */ = {
			isa = PBXResourcesBuildPhase;
			buildActionMask = 2147483647;
			files = (
			);
			runOnlyForDeploymentPostprocessing = 0;
		};
/* End PBXResourcesBuildPhase section */

/* Begin PBXSourcesBuildPhase section */
		6F5F6AED2185D47900AA7F56 /* Sources */ = {
			isa = PBXSourcesBuildPhase;
			buildActionMask = 2147483647;
			files = (
				6F5F6B232185D4A500AA7F56 /* MainController.swift in Sources */,
				6F5F6AF52185D47900AA7F56 /* AppDelegate.swift in Sources */,
			);
			runOnlyForDeploymentPostprocessing = 0;
		};
		6F5F6B012185D47D00AA7F56 /* Sources */ = {
			isa = PBXSourcesBuildPhase;
			buildActionMask = 2147483647;
			files = (
				6F5F6B0A2185D47D00AA7F56 /* Blink2Tests.swift in Sources */,
			);
			runOnlyForDeploymentPostprocessing = 0;
		};
		6F5F6B0C2185D47D00AA7F56 /* Sources */ = {
			isa = PBXSourcesBuildPhase;
			buildActionMask = 2147483647;
			files = (
				6F5F6B152185D47D00AA7F56 /* Blink2UITests.swift in Sources */,
			);
			runOnlyForDeploymentPostprocessing = 0;
		};
/* End PBXSourcesBuildPhase section */

/* Begin PBXTargetDependency section */
		6F5F6B072185D47D00AA7F56 /* PBXTargetDependency */ = {
			isa = PBXTargetDependency;
			target = 6F5F6AF02185D47900AA7F56 /* Blink2 */;
			targetProxy = 6F5F6B062185D47D00AA7F56 /* PBXContainerItemProxy */;
		};
		6F5F6B122185D47D00AA7F56 /* PBXTargetDependency */ = {
			isa = PBXTargetDependency;
			target = 6F5F6AF02185D47900AA7F56 /* Blink2 */;
			targetProxy = 6F5F6B112185D47D00AA7F56 /* PBXContainerItemProxy */;
		};
/* End PBXTargetDependency section */

/* Begin XCBuildConfiguration section */
		6F5F6B172185D47D00AA7F56 /* Debug */ = {
			isa = XCBuildConfiguration;
			buildSettings = {
				ALWAYS_SEARCH_USER_PATHS = NO;
				CLANG_ANALYZER_NONNULL = YES;
				CLANG_ANALYZER_NUMBER_OBJECT_CONVERSION = YES_AGGRESSIVE;
				CLANG_CXX_LANGUAGE_STANDARD = "gnu++14";
				CLANG_CXX_LIBRARY = "libc++";
				CLANG_ENABLE_MODULES = YES;
				CLANG_ENABLE_OBJC_ARC = YES;
				CLANG_ENABLE_OBJC_WEAK = YES;
				CLANG_WARN_BLOCK_CAPTURE_AUTORELEASING = YES;
				CLANG_WARN_BOOL_CONVERSION = YES;
				CLANG_WARN_COMMA = YES;
				CLANG_WARN_CONSTANT_CONVERSION = YES;
				CLANG_WARN_DEPRECATED_OBJC_IMPLEMENTATIONS = YES;
				CLANG_WARN_DIRECT_OBJC_ISA_USAGE = YES_ERROR;
				CLANG_WARN_DOCUMENTATION_COMMENTS = YES;
				CLANG_WARN_EMPTY_BODY = YES;
				CLANG_WARN_ENUM_CONVERSION = YES;
				CLANG_WARN_INFINITE_RECURSION = YES;
				CLANG_WARN_INT_CONVERSION = YES;
				CLANG_WARN_NON_LITERAL_NULL_CONVERSION = YES;
				CLANG_WARN_OBJC_IMPLICIT_RETAIN_SELF = YES;
				CLANG_WARN_OBJC_LITERAL_CONVERSION = YES;
				CLANG_WARN_OBJC_ROOT_CLASS = YES_ERROR;
				CLANG_WARN_RANGE_LOOP_ANALYSIS = YES;
				CLANG_WARN_STRICT_PROTOTYPES = YES;
				CLANG_WARN_SUSPICIOUS_MOVE = YES;
				CLANG_WARN_UNGUARDED_AVAILABILITY = YES_AGGRESSIVE;
				CLANG_WARN_UNREACHABLE_CODE = YES;
				CLANG_WARN__DUPLICATE_METHOD_MATCH = YES;
				CODE_SIGN_IDENTITY = "iPhone Developer";
				COPY_PHASE_STRIP = NO;
				DEBUG_INFORMATION_FORMAT = dwarf;
				ENABLE_STRICT_OBJC_MSGSEND = YES;
				ENABLE_TESTABILITY = YES;
				GCC_C_LANGUAGE_STANDARD = gnu11;
				GCC_DYNAMIC_NO_PIC = NO;
				GCC_NO_COMMON_BLOCKS = YES;
				GCC_OPTIMIZATION_LEVEL = 0;
				GCC_PREPROCESSOR_DEFINITIONS = (
					"DEBUG=1",
					"$(inherited)",
				);
				GCC_WARN_64_TO_32_BIT_CONVERSION = YES;
				GCC_WARN_ABOUT_RETURN_TYPE = YES_ERROR;
				GCC_WARN_UNDECLARED_SELECTOR = YES;
				GCC_WARN_UNINITIALIZED_AUTOS = YES_AGGRESSIVE;
				GCC_WARN_UNUSED_FUNCTION = YES;
				GCC_WARN_UNUSED_VARIABLE = YES;
				IPHONEOS_DEPLOYMENT_TARGET = 12.0;
				MTL_ENABLE_DEBUG_INFO = INCLUDE_SOURCE;
				MTL_FAST_MATH = YES;
				ONLY_ACTIVE_ARCH = YES;
				SDKROOT = iphoneos;
				SWIFT_ACTIVE_COMPILATION_CONDITIONS = DEBUG;
				SWIFT_OPTIMIZATION_LEVEL = "-Onone";
			};
			name = Debug;
		};
		6F5F6B182185D47D00AA7F56 /* Release */ = {
			isa = XCBuildConfiguration;
			buildSettings = {
				ALWAYS_SEARCH_USER_PATHS = NO;
				CLANG_ANALYZER_NONNULL = YES;
				CLANG_ANALYZER_NUMBER_OBJECT_CONVERSION = YES_AGGRESSIVE;
				CLANG_CXX_LANGUAGE_STANDARD = "gnu++14";
				CLANG_CXX_LIBRARY = "libc++";
				CLANG_ENABLE_MODULES = YES;
				CLANG_ENABLE_OBJC_ARC = YES;
				CLANG_ENABLE_OBJC_WEAK = YES;
				CLANG_WARN_BLOCK_CAPTURE_AUTORELEASING = YES;
				CLANG_WARN_BOOL_CONVERSION = YES;
				CLANG_WARN_COMMA = YES;
				CLANG_WARN_CONSTANT_CONVERSION = YES;
				CLANG_WARN_DEPRECATED_OBJC_IMPLEMENTATIONS = YES;
				CLANG_WARN_DIRECT_OBJC_ISA_USAGE = YES_ERROR;
				CLANG_WARN_DOCUMENTATION_COMMENTS = YES;
				CLANG_WARN_EMPTY_BODY = YES;
				CLANG_WARN_ENUM_CONVERSION = YES;
				CLANG_WARN_INFINITE_RECURSION = YES;
				CLANG_WARN_INT_CONVERSION = YES;
				CLANG_WARN_NON_LITERAL_NULL_CONVERSION = YES;
				CLANG_WARN_OBJC_IMPLICIT_RETAIN_SELF = YES;
				CLANG_WARN_OBJC_LITERAL_CONVERSION = YES;
				CLANG_WARN_OBJC_ROOT_CLASS = YES_ERROR;
				CLANG_WARN_RANGE_LOOP_ANALYSIS = YES;
				CLANG_WARN_STRICT_PROTOTYPES = YES;
				CLANG_WARN_SUSPICIOUS_MOVE = YES;
				CLANG_WARN_UNGUARDED_AVAILABILITY = YES_AGGRESSIVE;
				CLANG_WARN_UNREACHABLE_CODE = YES;
				CLANG_WARN__DUPLICATE_METHOD_MATCH = YES;
				CODE_SIGN_IDENTITY = "iPhone Developer";
				COPY_PHASE_STRIP = NO;
				DEBUG_INFORMATION_FORMAT = "dwarf-with-dsym";
				ENABLE_NS_ASSERTIONS = NO;
				ENABLE_STRICT_OBJC_MSGSEND = YES;
				GCC_C_LANGUAGE_STANDARD = gnu11;
				GCC_NO_COMMON_BLOCKS = YES;
				GCC_WARN_64_TO_32_BIT_CONVERSION = YES;
				GCC_WARN_ABOUT_RETURN_TYPE = YES_ERROR;
				GCC_WARN_UNDECLARED_SELECTOR = YES;
				GCC_WARN_UNINITIALIZED_AUTOS = YES_AGGRESSIVE;
				GCC_WARN_UNUSED_FUNCTION = YES;
				GCC_WARN_UNUSED_VARIABLE = YES;
				IPHONEOS_DEPLOYMENT_TARGET = 12.0;
				MTL_ENABLE_DEBUG_INFO = NO;
				MTL_FAST_MATH = YES;
				SDKROOT = iphoneos;
				SWIFT_COMPILATION_MODE = wholemodule;
				SWIFT_OPTIMIZATION_LEVEL = "-O";
				VALIDATE_PRODUCT = YES;
			};
			name = Release;
		};
		6F5F6B1A2185D47D00AA7F56 /* Debug */ = {
			isa = XCBuildConfiguration;
			buildSettings = {
				ASSETCATALOG_COMPILER_APPICON_NAME = AppIcon;
				CODE_SIGN_STYLE = Automatic;
				DEVELOPMENT_TEAM = J3X688B272;
				INFOPLIST_FILE = Blink2/Info.plist;
				LD_RUNPATH_SEARCH_PATHS = (
					"$(inherited)",
					"@executable_path/Frameworks",
				);
				PRODUCT_BUNDLE_IDENTIFIER = com.vedantjain.Blink2;
				PRODUCT_NAME = "$(TARGET_NAME)";
				SWIFT_VERSION = 4.2;
				TARGETED_DEVICE_FAMILY = "1,2";
			};
			name = Debug;
		};
		6F5F6B1B2185D47D00AA7F56 /* Release */ = {
			isa = XCBuildConfiguration;
			buildSettings = {
				ASSETCATALOG_COMPILER_APPICON_NAME = AppIcon;
				CODE_SIGN_STYLE = Automatic;
				DEVELOPMENT_TEAM = J3X688B272;
				INFOPLIST_FILE = Blink2/Info.plist;
				LD_RUNPATH_SEARCH_PATHS = (
					"$(inherited)",
					"@executable_path/Frameworks",
				);
				PRODUCT_BUNDLE_IDENTIFIER = com.vedantjain.Blink2;
				PRODUCT_NAME = "$(TARGET_NAME)";
				SWIFT_VERSION = 4.2;
				TARGETED_DEVICE_FAMILY = "1,2";
			};
			name = Release;
		};
		6F5F6B1D2185D47D00AA7F56 /* Debug */ = {
			isa = XCBuildConfiguration;
			buildSettings = {
				ALWAYS_EMBED_SWIFT_STANDARD_LIBRARIES = YES;
				BUNDLE_LOADER = "$(TEST_HOST)";
				CODE_SIGN_STYLE = Automatic;
				DEVELOPMENT_TEAM = J3X688B272;
				INFOPLIST_FILE = Blink2Tests/Info.plist;
				LD_RUNPATH_SEARCH_PATHS = (
					"$(inherited)",
					"@executable_path/Frameworks",
					"@loader_path/Frameworks",
				);
				PRODUCT_BUNDLE_IDENTIFIER = com.vedantjain.Blink2Tests;
				PRODUCT_NAME = "$(TARGET_NAME)";
				SWIFT_VERSION = 4.2;
				TARGETED_DEVICE_FAMILY = "1,2";
				TEST_HOST = "$(BUILT_PRODUCTS_DIR)/Blink2.app/Blink2";
			};
			name = Debug;
		};
		6F5F6B1E2185D47D00AA7F56 /* Release */ = {
			isa = XCBuildConfiguration;
			buildSettings = {
				ALWAYS_EMBED_SWIFT_STANDARD_LIBRARIES = YES;
				BUNDLE_LOADER = "$(TEST_HOST)";
				CODE_SIGN_STYLE = Automatic;
				DEVELOPMENT_TEAM = J3X688B272;
				INFOPLIST_FILE = Blink2Tests/Info.plist;
				LD_RUNPATH_SEARCH_PATHS = (
					"$(inherited)",
					"@executable_path/Frameworks",
					"@loader_path/Frameworks",
				);
				PRODUCT_BUNDLE_IDENTIFIER = com.vedantjain.Blink2Tests;
				PRODUCT_NAME = "$(TARGET_NAME)";
				SWIFT_VERSION = 4.2;
				TARGETED_DEVICE_FAMILY = "1,2";
				TEST_HOST = "$(BUILT_PRODUCTS_DIR)/Blink2.app/Blink2";
			};
			name = Release;
		};
		6F5F6B202185D47D00AA7F56 /* Debug */ = {
			isa = XCBuildConfiguration;
			buildSettings = {
				ALWAYS_EMBED_SWIFT_STANDARD_LIBRARIES = YES;
				CODE_SIGN_STYLE = Automatic;
				DEVELOPMENT_TEAM = J3X688B272;
				INFOPLIST_FILE = Blink2UITests/Info.plist;
				LD_RUNPATH_SEARCH_PATHS = (
					"$(inherited)",
					"@executable_path/Frameworks",
					"@loader_path/Frameworks",
				);
				PRODUCT_BUNDLE_IDENTIFIER = com.vedantjain.Blink2UITests;
				PRODUCT_NAME = "$(TARGET_NAME)";
				SWIFT_VERSION = 4.2;
				TARGETED_DEVICE_FAMILY = "1,2";
				TEST_TARGET_NAME = Blink2;
			};
			name = Debug;
		};
		6F5F6B212185D47D00AA7F56 /* Release */ = {
			isa = XCBuildConfiguration;
			buildSettings = {
				ALWAYS_EMBED_SWIFT_STANDARD_LIBRARIES = YES;
				CODE_SIGN_STYLE = Automatic;
				DEVELOPMENT_TEAM = J3X688B272;
				INFOPLIST_FILE = Blink2UITests/Info.plist;
				LD_RUNPATH_SEARCH_PATHS = (
					"$(inherited)",
					"@executable_path/Frameworks",
					"@loader_path/Frameworks",
				);
				PRODUCT_BUNDLE_IDENTIFIER = com.vedantjain.Blink2UITests;
				PRODUCT_NAME = "$(TARGET_NAME)";
				SWIFT_VERSION = 4.2;
				TARGETED_DEVICE_FAMILY = "1,2";
				TEST_TARGET_NAME = Blink2;
			};
			name = Release;
		};
/* End XCBuildConfiguration section */

/* Begin XCConfigurationList section */
		6F5F6AEC2185D47900AA7F56 /* Build configuration list for PBXProject "Blink2" */ = {
			isa = XCConfigurationList;
			buildConfigurations = (
				6F5F6B172185D47D00AA7F56 /* Debug */,
				6F5F6B182185D47D00AA7F56 /* Release */,
			);
			defaultConfigurationIsVisible = 0;
			defaultConfigurationName = Release;
		};
		6F5F6B192185D47D00AA7F56 /* Build configuration list for PBXNativeTarget "Blink2" */ = {
			isa = XCConfigurationList;
			buildConfigurations = (
				6F5F6B1A2185D47D00AA7F56 /* Debug */,
				6F5F6B1B2185D47D00AA7F56 /* Release */,
			);
			defaultConfigurationIsVisible = 0;
			defaultConfigurationName = Release;
		};
		6F5F6B1C2185D47D00AA7F56 /* Build configuration list for PBXNativeTarget "Blink2Tests" */ = {
			isa = XCConfigurationList;
			buildConfigurations = (
				6F5F6B1D2185D47D00AA7F56 /* Debug */,
				6F5F6B1E2185D47D00AA7F56 /* Release */,
			);
			defaultConfigurationIsVisible = 0;
			defaultConfigurationName = Release;
		};
		6F5F6B1F2185D47D00AA7F56 /* Build configuration list for PBXNativeTarget "Blink2UITests" */ = {
			isa = XCConfigurationList;
			buildConfigurations = (
				6F5F6B202185D47D00AA7F56 /* Debug */,
				6F5F6B212185D47D00AA7F56 /* Release */,
			);
			defaultConfigurationIsVisible = 0;
			defaultConfigurationName = Release;
		};
/* End XCConfigurationList section */
	};
	rootObject = 6F5F6AE92185D47900AA7F56 /* Project object */;
}
